
Microsoft Visual Studio Solution File, Format Version 12.00
# Visual Studio Version 17
VisualStudioVersion = 17.5.33424.131
MinimumVisualStudioVersion = 10.0.40219.1
Project("{FAE04EC0-301F-11D3-BF4B-00C04F79EFBC}") = "T02_Rotations", "T02_Rotations\T02_Rotations.csproj", "{38DFA252-88DD-4D0D-8210-7A966DBECD24}"
EndProject
Global
	GlobalSection(SolutionConfigurationPlatforms) = preSolution
		Debug|Any CPU = Debug|Any CPU
		Release|Any CPU = Release|Any CPU
	EndGlobalSection
	GlobalSection(ProjectConfigurationPlatforms) = postSolution
		{38DFA252-88DD-4D0D-8210-7A966DBECD24}.Debug|Any CPU.ActiveCfg = Debug|Any CPU
		{38DFA252-88DD-4D0D-8210-7A966DBECD24}.Debug|Any CPU.Build.0 = Debug|Any CPU
		{38DFA252-88DD-4D0D-8210-7A966DBECD24}.Release|Any CPU.ActiveCfg = Release|Any CPU
		{38DFA252-88DD-4D0D-8210-7A966DBECD24}.Release|Any CPU.Build.0 = Release|Any CPU
	EndGlobalSection
	GlobalSection(SolutionProperties) = preSolution
		HideSolutionNode = FALSE
	EndGlobalSection
	GlobalSection(ExtensibilityGlobals) = postSolution
		SolutionGuid = {8E550F55-3F88-425A-B175-E2295BB33D66}
	EndGlobalSection
EndGlobal
